
Microsoft Visual Studio Solution File, Format Version 12.00
# Visual Studio Version 16
VisualStudioVersion = 16.0.31410.357
MinimumVisualStudioVersion = 10.0.40219.1
Project("{8BC9CEB8-8B4A-11D0-8D11-00A0C91BC942}") = "Login and Register", "Login and Register\Login and Register.vcxproj", "{22EC2B3B-50B9-4DC2-A63A-438D9E6B8E18}"
EndProject
Global
	GlobalSection(SolutionConfigurationPlatforms) = preSolution
		Debug|x64 = Debug|x64
		Debug|x86 = Debug|x86
		Release|x64 = Release|x64
		Release|x86 = Release|x86
	EndGlobalSection
	GlobalSection(ProjectConfigurationPlatforms) = postSolution
		{22EC2B3B-50B9-4DC2-A63A-438D9E6B8E18}.Debug|x64.ActiveCfg = Debug|x64
		{22EC2B3B-50B9-4DC2-A63A-438D9E6B8E18}.Debug|x64.Build.0 = Debug|x64
		{22EC2B3B-50B9-4DC2-A63A-438D9E6B8E18}.Debug|x86.ActiveCfg = Debug|Win32
		{22EC2B3B-50B9-4DC2-A63A-438D9E6B8E18}.Debug|x86.Build.0 = Debug|Win32
		{22EC2B3B-50B9-4DC2-A63A-438D9E6B8E18}.Release|x64.ActiveCfg = Release|x64
		{22EC2B3B-50B9-4DC2-A63A-438D9E6B8E18}.Release|x64.Build.0 = Release|x64
		{22EC2B3B-50B9-4DC2-A63A-438D9E6B8E18}.Release|x86.ActiveCfg = Release|Win32
		{22EC2B3B-50B9-4DC2-A63A-438D9E6B8E18}.Release|x86.Build.0 = Release|Win32
	EndGlobalSection
	GlobalSection(SolutionProperties) = preSolution
		HideSolutionNode = FALSE
	EndGlobalSection
	GlobalSection(ExtensibilityGlobals) = postSolution
		SolutionGuid = {21F4A496-D12B-4C3A-9614-29A17DE84D8B}
	EndGlobalSection
EndGlobal
